{
  "version": 4,
  "terraform_version": "1.3.5",
  "serial": 19,
  "lineage": "f7702993-ab5b-26ef-8e84-717d19856934",
  "outputs": {},
  "resources": [
    {
      "mode": "managed",
      "type": "azurerm_app_service_plan",
      "name": "asp",
      "provider": "provider[\"registry.terraform.io/hashicorp/azurerm\"]",
      "instances": [
        {
          "schema_version": 0,
          "attributes": {
            "app_service_environment_id": "",
            "id": "/subscriptions/b9334351-cec8-405d-8358-51846fa2a3ab/resourceGroups/my-function-app-rg/providers/Microsoft.Web/serverfarms/my-function-app-j8f5je9x-asp",
            "is_xenon": false,
            "kind": "functionapp",
            "location": "westeurope",
            "maximum_elastic_worker_count": 1,
            "maximum_number_of_workers": 0,
            "name": "my-function-app-j8f5je9x-asp",
            "per_site_scaling": false,
            "reserved": false,
            "resource_group_name": "my-function-app-rg",
            "sku": [
              {
                "capacity": 0,
                "size": "Y1",
                "tier": "Dynamic"
              }
            ],
            "tags": {},
            "timeouts": null,
            "zone_redundant": false
          },
          "sensitive_attributes": [],
          "private": "eyJlMmJmYjczMC1lY2FhLTExZTYtOGY4OC0zNDM2M2JjN2M0YzAiOnsiY3JlYXRlIjozNjAwMDAwMDAwMDAwLCJkZWxldGUiOjM2MDAwMDAwMDAwMDAsInJlYWQiOjMwMDAwMDAwMDAwMCwidXBkYXRlIjozNjAwMDAwMDAwMDAwfX0=",
          "dependencies": [
            "azurerm_resource_group.rg",
            "random_string.suffix"
          ]
        }
      ]
    },
    {
      "mode": "managed",
      "type": "azurerm_resource_group",
      "name": "rg",
      "provider": "provider[\"registry.terraform.io/hashicorp/azurerm\"]",
      "instances": [
        {
          "schema_version": 0,
          "attributes": {
            "id": "/subscriptions/b9334351-cec8-405d-8358-51846fa2a3ab/resourceGroups/my-function-app-rg",
            "location": "westeurope",
            "name": "my-function-app-rg",
            "tags": {},
            "timeouts": null
          },
          "sensitive_attributes": [],
          "private": "eyJlMmJmYjczMC1lY2FhLTExZTYtOGY4OC0zNDM2M2JjN2M0YzAiOnsiY3JlYXRlIjo1NDAwMDAwMDAwMDAwLCJkZWxldGUiOjU0MDAwMDAwMDAwMDAsInJlYWQiOjMwMDAwMDAwMDAwMCwidXBkYXRlIjo1NDAwMDAwMDAwMDAwfX0="
        }
      ]
    },
    {
      "mode": "managed",
      "type": "azurerm_storage_account",
      "name": "storage",
      "provider": "provider[\"registry.terraform.io/hashicorp/azurerm\"]",
      "instances": [
        {
          "schema_version": 3,
          "attributes": {
            "access_tier": "Hot",
            "account_kind": "StorageV2",
            "account_replication_type": "LRS",
            "account_tier": "Standard",
            "allow_nested_items_to_be_public": true,
            "azure_files_authentication": [],
            "blob_properties": [
              {
                "change_feed_enabled": false,
                "change_feed_retention_in_days": 0,
                "container_delete_retention_policy": [],
                "cors_rule": [],
                "default_service_version": "",
                "delete_retention_policy": [],
                "last_access_time_enabled": false,
                "restore_policy": [],
                "versioning_enabled": false
              }
            ],
            "cross_tenant_replication_enabled": true,
            "custom_domain": [],
            "customer_managed_key": [],
            "default_to_oauth_authentication": false,
            "edge_zone": "",
            "enable_https_traffic_only": true,
            "id": "/subscriptions/b9334351-cec8-405d-8358-51846fa2a3ab/resourceGroups/my-function-app-rg/providers/Microsoft.Storage/storageAccounts/mystorageaccountj8f5je9x",
            "identity": [],
            "immutability_policy": [],
            "infrastructure_encryption_enabled": false,
            "is_hns_enabled": false,
            "large_file_share_enabled": null,
            "location": "westeurope",
            "min_tls_version": "TLS1_2",
            "name": "mystorageaccountj8f5je9x",
            "network_rules": [
              {
                "bypass": [
                  "AzureServices"
                ],
                "default_action": "Allow",
                "ip_rules": [],
                "private_link_access": [],
                "virtual_network_subnet_ids": []
              }
            ],
            "nfsv3_enabled": false,
            "primary_access_key": "yNvsVY2ZIqroEQTRnmTlBWq8k688sajGYMM6BFV4FqBnSy6f+SML9dcZJpjf4S6TopNTy5DSZ2rf+AStZ4MDUQ==",
            "primary_blob_connection_string": "DefaultEndpointsProtocol=https;BlobEndpoint=https://mystorageaccountj8f5je9x.blob.core.windows.net/;AccountName=mystorageaccountj8f5je9x;AccountKey=yNvsVY2ZIqroEQTRnmTlBWq8k688sajGYMM6BFV4FqBnSy6f+SML9dcZJpjf4S6TopNTy5DSZ2rf+AStZ4MDUQ==",
            "primary_blob_endpoint": "https://mystorageaccountj8f5je9x.blob.core.windows.net/",
            "primary_blob_host": "mystorageaccountj8f5je9x.blob.core.windows.net",
            "primary_connection_string": "DefaultEndpointsProtocol=https;AccountName=mystorageaccountj8f5je9x;AccountKey=yNvsVY2ZIqroEQTRnmTlBWq8k688sajGYMM6BFV4FqBnSy6f+SML9dcZJpjf4S6TopNTy5DSZ2rf+AStZ4MDUQ==;EndpointSuffix=core.windows.net",
            "primary_dfs_endpoint": "https://mystorageaccountj8f5je9x.dfs.core.windows.net/",
            "primary_dfs_host": "mystorageaccountj8f5je9x.dfs.core.windows.net",
            "primary_file_endpoint": "https://mystorageaccountj8f5je9x.file.core.windows.net/",
            "primary_file_host": "mystorageaccountj8f5je9x.file.core.windows.net",
            "primary_location": "westeurope",
            "primary_queue_endpoint": "https://mystorageaccountj8f5je9x.queue.core.windows.net/",
            "primary_queue_host": "mystorageaccountj8f5je9x.queue.core.windows.net",
            "primary_table_endpoint": "https://mystorageaccountj8f5je9x.table.core.windows.net/",
            "primary_table_host": "mystorageaccountj8f5je9x.table.core.windows.net",
            "primary_web_endpoint": "https://mystorageaccountj8f5je9x.z6.web.core.windows.net/",
            "primary_web_host": "mystorageaccountj8f5je9x.z6.web.core.windows.net",
            "public_network_access_enabled": true,
            "queue_encryption_key_type": "Service",
            "queue_properties": [
              {
                "cors_rule": [],
                "hour_metrics": [
                  {
                    "enabled": true,
                    "include_apis": true,
                    "retention_policy_days": 7,
                    "version": "1.0"
                  }
                ],
                "logging": [
                  {
                    "delete": false,
                    "read": false,
                    "retention_policy_days": 0,
                    "version": "1.0",
                    "write": false
                  }
                ],
                "minute_metrics": [
                  {
                    "enabled": false,
                    "include_apis": false,
                    "retention_policy_days": 0,
                    "version": "1.0"
                  }
                ]
              }
            ],
            "resource_group_name": "my-function-app-rg",
            "routing": [],
            "sas_policy": [],
            "secondary_access_key": "0plym8++yp1lIAFo5hQ0Hfy+VMSOk2lsqCh13OPDwIePy8VNAJQkod+TVP2SfcmyKy2tk0xNa4j4+AStiYGbDw==",
            "secondary_blob_connection_string": "",
            "secondary_blob_endpoint": null,
            "secondary_blob_host": null,
            "secondary_connection_string": "DefaultEndpointsProtocol=https;AccountName=mystorageaccountj8f5je9x;AccountKey=0plym8++yp1lIAFo5hQ0Hfy+VMSOk2lsqCh13OPDwIePy8VNAJQkod+TVP2SfcmyKy2tk0xNa4j4+AStiYGbDw==;EndpointSuffix=core.windows.net",
            "secondary_dfs_endpoint": null,
            "secondary_dfs_host": null,
            "secondary_file_endpoint": null,
            "secondary_file_host": null,
            "secondary_location": "",
            "secondary_queue_endpoint": null,
            "secondary_queue_host": null,
            "secondary_table_endpoint": null,
            "secondary_table_host": null,
            "secondary_web_endpoint": null,
            "secondary_web_host": null,
            "sftp_enabled": false,
            "share_properties": [
              {
                "cors_rule": [],
                "retention_policy": [
                  {
                    "days": 7
                  }
                ],
                "smb": []
              }
            ],
            "shared_access_key_enabled": true,
            "static_website": [],
            "table_encryption_key_type": "Service",
            "tags": {
              "environment": "dev"
            },
            "timeouts": null
          },
          "sensitive_attributes": [],
          "private": "eyJlMmJmYjczMC1lY2FhLTExZTYtOGY4OC0zNDM2M2JjN2M0YzAiOnsiY3JlYXRlIjozNjAwMDAwMDAwMDAwLCJkZWxldGUiOjM2MDAwMDAwMDAwMDAsInJlYWQiOjMwMDAwMDAwMDAwMCwidXBkYXRlIjozNjAwMDAwMDAwMDAwfSwic2NoZW1hX3ZlcnNpb24iOiIzIn0=",
          "dependencies": [
            "azurerm_resource_group.rg",
            "random_string.suffix"
          ]
        }
      ]
    },
    {
      "mode": "managed",
      "type": "random_string",
      "name": "suffix",
      "provider": "provider[\"registry.terraform.io/hashicorp/random\"]",
      "instances": [
        {
          "schema_version": 2,
          "attributes": {
            "id": "j8f5je9x",
            "keepers": null,
            "length": 8,
            "lower": true,
            "min_lower": 0,
            "min_numeric": 0,
            "min_special": 0,
            "min_upper": 0,
            "number": true,
            "numeric": true,
            "override_special": null,
            "result": "j8f5je9x",
            "special": false,
            "upper": false
          },
          "sensitive_attributes": []
        }
      ]
    }
  ],
  "check_results": null
}
